// !$*UTF8*$!
{
	archiveVersion = 1;
	classes = {
	};
	objectVersion = 50;
	objects = {

/* Begin PBXBuildFile section */
		52302CC9261384F800F38796 /* UIExtensions.swift in Sources */ = {isa = PBXBuildFile; fileRef = 52302CC8261384F800F38796 /* UIExtensions.swift */; };
		52302CCC2613858000F38796 /* board.dae in Resources */ = {isa = PBXBuildFile; fileRef = 52302CCB2613858000F38796 /* board.dae */; };
		52302CCF261385E200F38796 /* skateboard_diffuse.jpg in Resources */ = {isa = PBXBuildFile; fileRef = 52302CCE261385E100F38796 /* skateboard_diffuse.jpg */; };
		52302CD2261386BE00F38796 /* Player.swift in Sources */ = {isa = PBXBuildFile; fileRef = 52302CD1261386BE00F38796 /* Player.swift */; };
		52302CD52613870C00F38796 /* PlayerCell.swift in Sources */ = {isa = PBXBuildFile; fileRef = 52302CD42613870C00F38796 /* PlayerCell.swift */; };
		52302CD92613886900F38796 /* Deutschlander.otf in Resources */ = {isa = PBXBuildFile; fileRef = 52302CD72613876C00F38796 /* Deutschlander.otf */; };
		52B3D1402613822200A66909 /* AppDelegate.swift in Sources */ = {isa = PBXBuildFile; fileRef = 52B3D13F2613822200A66909 /* AppDelegate.swift */; };
		52B3D1422613822200A66909 /* SceneDelegate.swift in Sources */ = {isa = PBXBuildFile; fileRef = 52B3D1412613822200A66909 /* SceneDelegate.swift */; };
		52B3D1442613822200A66909 /* ViewController.swift in Sources */ = {isa = PBXBuildFile; fileRef = 52B3D1432613822200A66909 /* ViewController.swift */; };
		52B3D1492613822800A66909 /* Assets.xcassets in Resources */ = {isa = PBXBuildFile; fileRef = 52B3D1482613822800A66909 /* Assets.xcassets */; };
		52B3D14C2613822800A66909 /* LaunchScreen.storyboard in Resources */ = {isa = PBXBuildFile; fileRef = 52B3D14A2613822800A66909 /* LaunchScreen.storyboard */; };
		F5C87754273AE6EB00818AC1 /* UICollectionViewExtensions.swift in Sources */ = {isa = PBXBuildFile; fileRef = F5C87753273AE6EB00818AC1 /* UICollectionViewExtensions.swift */; };
		F5C87756273AE80000818AC1 /* AnimationService.swift in Sources */ = {isa = PBXBuildFile; fileRef = F5C87755273AE80000818AC1 /* AnimationService.swift */; };
/* End PBXBuildFile section */

/* Begin PBXFileReference section */
		52302CC8261384F800F38796 /* UIExtensions.swift */ = {isa = PBXFileReference; lastKnownFileType = sourcecode.swift; path = UIExtensions.swift; sourceTree = "<group>"; };
		52302CCB2613858000F38796 /* board.dae */ = {isa = PBXFileReference; fileEncoding = 4; lastKnownFileType = text.xml.dae; path = board.dae; sourceTree = "<group>"; };
		52302CCE261385E100F38796 /* skateboard_diffuse.jpg */ = {isa = PBXFileReference; lastKnownFileType = image.jpeg; path = skateboard_diffuse.jpg; sourceTree = "<group>"; };
		52302CD1261386BE00F38796 /* Player.swift */ = {isa = PBXFileReference; lastKnownFileType = sourcecode.swift; path = Player.swift; sourceTree = "<group>"; };
		52302CD42613870C00F38796 /* PlayerCell.swift */ = {isa = PBXFileReference; lastKnownFileType = sourcecode.swift; path = PlayerCell.swift; sourceTree = "<group>"; };
		52302CD72613876C00F38796 /* Deutschlander.otf */ = {isa = PBXFileReference; lastKnownFileType = file; path = Deutschlander.otf; sourceTree = "<group>"; };
		52B3D13C2613822200A66909 /* HoverBoard Animated.app */ = {isa = PBXFileReference; explicitFileType = wrapper.application; includeInIndex = 0; path = "HoverBoard Animated.app"; sourceTree = BUILT_PRODUCTS_DIR; };
		52B3D13F2613822200A66909 /* AppDelegate.swift */ = {isa = PBXFileReference; lastKnownFileType = sourcecode.swift; path = AppDelegate.swift; sourceTree = "<group>"; };
		52B3D1412613822200A66909 /* SceneDelegate.swift */ = {isa = PBXFileReference; lastKnownFileType = sourcecode.swift; path = SceneDelegate.swift; sourceTree = "<group>"; };
		52B3D1432613822200A66909 /* ViewController.swift */ = {isa = PBXFileReference; lastKnownFileType = sourcecode.swift; path = ViewController.swift; sourceTree = "<group>"; };
		52B3D1482613822800A66909 /* Assets.xcassets */ = {isa = PBXFileReference; lastKnownFileType = folder.assetcatalog; path = Assets.xcassets; sourceTree = "<group>"; };
		52B3D14B2613822800A66909 /* Base */ = {isa = PBXFileReference; lastKnownFileType = file.storyboard; name = Base; path = Base.lproj/LaunchScreen.storyboard; sourceTree = "<group>"; };
		52B3D14D2613822800A66909 /* Info.plist */ = {isa = PBXFileReference; lastKnownFileType = text.plist.xml; path = Info.plist; sourceTree = "<group>"; };
		F5C87753273AE6EB00818AC1 /* UICollectionViewExtensions.swift */ = {isa = PBXFileReference; lastKnownFileType = sourcecode.swift; path = UICollectionViewExtensions.swift; sourceTree = "<group>"; };
		F5C87755273AE80000818AC1 /* AnimationService.swift */ = {isa = PBXFileReference; lastKnownFileType = sourcecode.swift; path = AnimationService.swift; sourceTree = "<group>"; };
/* End PBXFileReference section */

/* Begin PBXFrameworksBuildPhase section */
		52B3D1392613822200A66909 /* Frameworks */ = {
			isa = PBXFrameworksBuildPhase;
			buildActionMask = 2147483647;
			files = (
			);
			runOnlyForDeploymentPostprocessing = 0;
		};
/* End PBXFrameworksBuildPhase section */

/* Begin PBXGroup section */
		522E1E5526313E9C0025E0A7 /* Model */ = {
			isa = PBXGroup;
			children = (
				52302CD1261386BE00F38796 /* Player.swift */,
			);
			path = Model;
			sourceTree = "<group>";
		};
		522E1E5726313EA30025E0A7 /* Controller */ = {
			isa = PBXGroup;
			children = (
				52B3D1432613822200A66909 /* ViewController.swift */,
			);
			name = Controller;
			sourceTree = "<group>";
		};
		522E1E5926313EB00025E0A7 /* View */ = {
			isa = PBXGroup;
			children = (
				52302CD42613870C00F38796 /* PlayerCell.swift */,
			);
			name = View;
			sourceTree = "<group>";
		};
		522E1E5A26313EC00025E0A7 /* Resources */ = {
			isa = PBXGroup;
			children = (
				52302CD72613876C00F38796 /* Deutschlander.otf */,
				52302CCB2613858000F38796 /* board.dae */,
				52302CCE261385E100F38796 /* skateboard_diffuse.jpg */,
				52B3D1482613822800A66909 /* Assets.xcassets */,
			);
			name = Resources;
			sourceTree = "<group>";
		};
		522E1E5B26313ECB0025E0A7 /* Extensions */ = {
			isa = PBXGroup;
			children = (
				52302CC8261384F800F38796 /* UIExtensions.swift */,
				F5C87753273AE6EB00818AC1 /* UICollectionViewExtensions.swift */,
			);
			name = Extensions;
			sourceTree = "<group>";
		};
		52B3D1332613822200A66909 = {
			isa = PBXGroup;
			children = (
				52B3D13E2613822200A66909 /* HoverBoard Animated */,
				52B3D13D2613822200A66909 /* Products */,
			);
			sourceTree = "<group>";
		};
		52B3D13D2613822200A66909 /* Products */ = {
			isa = PBXGroup;
			children = (
				52B3D13C2613822200A66909 /* HoverBoard Animated.app */,
			);
			name = Products;
			sourceTree = "<group>";
		};
		52B3D13E2613822200A66909 /* HoverBoard Animated */ = {
			isa = PBXGroup;
			children = (
				52B3D13F2613822200A66909 /* AppDelegate.swift */,
				52B3D1412613822200A66909 /* SceneDelegate.swift */,
				F5C87757273AEF2400818AC1 /* Services */,
				522E1E5526313E9C0025E0A7 /* Model */,
				522E1E5726313EA30025E0A7 /* Controller */,
				522E1E5926313EB00025E0A7 /* View */,
				522E1E5A26313EC00025E0A7 /* Resources */,
				522E1E5B26313ECB0025E0A7 /* Extensions */,
				52B3D14A2613822800A66909 /* LaunchScreen.storyboard */,
				52B3D14D2613822800A66909 /* Info.plist */,
			);
			path = "HoverBoard Animated";
			sourceTree = "<group>";
		};
		F5C87757273AEF2400818AC1 /* Services */ = {
			isa = PBXGroup;
			children = (
				F5C87755273AE80000818AC1 /* AnimationService.swift */,
			);
			name = Services;
			sourceTree = "<group>";
		};
/* End PBXGroup section */

/* Begin PBXNativeTarget section */
		52B3D13B2613822200A66909 /* HoverBoard Animated */ = {
			isa = PBXNativeTarget;
			buildConfigurationList = 52B3D1502613822800A66909 /* Build configuration list for PBXNativeTarget "HoverBoard Animated" */;
			buildPhases = (
				52B3D1382613822200A66909 /* Sources */,
				52B3D1392613822200A66909 /* Frameworks */,
				52B3D13A2613822200A66909 /* Resources */,
			);
			buildRules = (
			);
			dependencies = (
			);
			name = "HoverBoard Animated";
			productName = "HoverBoard Animated";
			productReference = 52B3D13C2613822200A66909 /* HoverBoard Animated.app */;
			productType = "com.apple.product-type.application";
		};
/* End PBXNativeTarget section */

/* Begin PBXProject section */
		52B3D1342613822200A66909 /* Project object */ = {
			isa = PBXProject;
			attributes = {
				LastSwiftUpdateCheck = 1230;
				LastUpgradeCheck = 1230;
				TargetAttributes = {
					52B3D13B2613822200A66909 = {
						CreatedOnToolsVersion = 12.3;
					};
				};
			};
			buildConfigurationList = 52B3D1372613822200A66909 /* Build configuration list for PBXProject "HoverBoard Animated" */;
			compatibilityVersion = "Xcode 9.3";
			developmentRegion = en;
			hasScannedForEncodings = 0;
			knownRegions = (
				en,
				Base,
			);
			mainGroup = 52B3D1332613822200A66909;
			productRefGroup = 52B3D13D2613822200A66909 /* Products */;
			projectDirPath = "";
			projectRoot = "";
			targets = (
				52B3D13B2613822200A66909 /* HoverBoard Animated */,
			);
		};
/* End PBXProject section */

/* Begin PBXResourcesBuildPhase section */
		52B3D13A2613822200A66909 /* Resources */ = {
			isa = PBXResourcesBuildPhase;
			buildActionMask = 2147483647;
			files = (
				52B3D14C2613822800A66909 /* LaunchScreen.storyboard in Resources */,
				52B3D1492613822800A66909 /* Assets.xcassets in Resources */,
				52302CCF261385E200F38796 /* skateboard_diffuse.jpg in Resources */,
				52302CD92613886900F38796 /* Deutschlander.otf in Resources */,
				52302CCC2613858000F38796 /* board.dae in Resources */,
			);
			runOnlyForDeploymentPostprocessing = 0;
		};
/* End PBXResourcesBuildPhase section */

/* Begin PBXSourcesBuildPhase section */
		52B3D1382613822200A66909 /* Sources */ = {
			isa = PBXSourcesBuildPhase;
			buildActionMask = 2147483647;
			files = (
				52302CD52613870C00F38796 /* PlayerCell.swift in Sources */,
				52B3D1442613822200A66909 /* ViewController.swift in Sources */,
				F5C87756273AE80000818AC1 /* AnimationService.swift in Sources */,
				52B3D1402613822200A66909 /* AppDelegate.swift in Sources */,
				F5C87754273AE6EB00818AC1 /* UICollectionViewExtensions.swift in Sources */,
				52B3D1422613822200A66909 /* SceneDelegate.swift in Sources */,
				52302CD2261386BE00F38796 /* Player.swift in Sources */,
				52302CC9261384F800F38796 /* UIExtensions.swift in Sources */,
			);
			runOnlyForDeploymentPostprocessing = 0;
		};
/* End PBXSourcesBuildPhase section */

/* Begin PBXVariantGroup section */
		52B3D14A2613822800A66909 /* LaunchScreen.storyboard */ = {
			isa = PBXVariantGroup;
			children = (
				52B3D14B2613822800A66909 /* Base */,
			);
			name = LaunchScreen.storyboard;
			sourceTree = "<group>";
		};
/* End PBXVariantGroup section */

/* Begin XCBuildConfiguration section */
		52B3D14E2613822800A66909 /* Debug */ = {
			isa = XCBuildConfiguration;
			buildSettings = {
				ALWAYS_SEARCH_USER_PATHS = NO;
				CLANG_ANALYZER_NONNULL = YES;
				CLANG_ANALYZER_NUMBER_OBJECT_CONVERSION = YES_AGGRESSIVE;
				CLANG_CXX_LANGUAGE_STANDARD = "gnu++14";
				CLANG_CXX_LIBRARY = "libc++";
				CLANG_ENABLE_MODULES = YES;
				CLANG_ENABLE_OBJC_ARC = YES;
				CLANG_ENABLE_OBJC_WEAK = YES;
				CLANG_WARN_BLOCK_CAPTURE_AUTORELEASING = YES;
				CLANG_WARN_BOOL_CONVERSION = YES;
				CLANG_WARN_COMMA = YES;
				CLANG_WARN_CONSTANT_CONVERSION = YES;
				CLANG_WARN_DEPRECATED_OBJC_IMPLEMENTATIONS = YES;
				CLANG_WARN_DIRECT_OBJC_ISA_USAGE = YES_ERROR;
				CLANG_WARN_DOCUMENTATION_COMMENTS = YES;
				CLANG_WARN_EMPTY_BODY = YES;
				CLANG_WARN_ENUM_CONVERSION = YES;
				CLANG_WARN_INFINITE_RECURSION = YES;
				CLANG_WARN_INT_CONVERSION = YES;
				CLANG_WARN_NON_LITERAL_NULL_CONVERSION = YES;
				CLANG_WARN_OBJC_IMPLICIT_RETAIN_SELF = YES;
				CLANG_WARN_OBJC_LITERAL_CONVERSION = YES;
				CLANG_WARN_OBJC_ROOT_CLASS = YES_ERROR;
				CLANG_WARN_QUOTED_INCLUDE_IN_FRAMEWORK_HEADER = YES;
				CLANG_WARN_RANGE_LOOP_ANALYSIS = YES;
				CLANG_WARN_STRICT_PROTOTYPES = YES;
				CLANG_WARN_SUSPICIOUS_MOVE = YES;
				CLANG_WARN_UNGUARDED_AVAILABILITY = YES_AGGRESSIVE;
				CLANG_WARN_UNREACHABLE_CODE = YES;
				CLANG_WARN__DUPLICATE_METHOD_MATCH = YES;
				COPY_PHASE_STRIP = NO;
				DEBUG_INFORMATION_FORMAT = dwarf;
				ENABLE_STRICT_OBJC_MSGSEND = YES;
				ENABLE_TESTABILITY = YES;
				GCC_C_LANGUAGE_STANDARD = gnu11;
				GCC_DYNAMIC_NO_PIC = NO;
				GCC_NO_COMMON_BLOCKS = YES;
				GCC_OPTIMIZATION_LEVEL = 0;
				GCC_PREPROCESSOR_DEFINITIONS = (
					"DEBUG=1",
					"$(inherited)",
				);
				GCC_WARN_64_TO_32_BIT_CONVERSION = YES;
				GCC_WARN_ABOUT_RETURN_TYPE = YES_ERROR;
				GCC_WARN_UNDECLARED_SELECTOR = YES;
				GCC_WARN_UNINITIALIZED_AUTOS = YES_AGGRESSIVE;
				GCC_WARN_UNUSED_FUNCTION = YES;
				GCC_WARN_UNUSED_VARIABLE = YES;
				IPHONEOS_DEPLOYMENT_TARGET = 14.3;
				MTL_ENABLE_DEBUG_INFO = INCLUDE_SOURCE;
				MTL_FAST_MATH = YES;
				ONLY_ACTIVE_ARCH = YES;
				SDKROOT = iphoneos;
				SWIFT_ACTIVE_COMPILATION_CONDITIONS = DEBUG;
				SWIFT_OPTIMIZATION_LEVEL = "-Onone";
			};
			name = Debug;
		};
		52B3D14F2613822800A66909 /* Release */ = {
			isa = XCBuildConfiguration;
			buildSettings = {
				ALWAYS_SEARCH_USER_PATHS = NO;
				CLANG_ANALYZER_NONNULL = YES;
				CLANG_ANALYZER_NUMBER_OBJECT_CONVERSION = YES_AGGRESSIVE;
				CLANG_CXX_LANGUAGE_STANDARD = "gnu++14";
				CLANG_CXX_LIBRARY = "libc++";
				CLANG_ENABLE_MODULES = YES;
				CLANG_ENABLE_OBJC_ARC = YES;
				CLANG_ENABLE_OBJC_WEAK = YES;
				CLANG_WARN_BLOCK_CAPTURE_AUTORELEASING = YES;
				CLANG_WARN_BOOL_CONVERSION = YES;
				CLANG_WARN_COMMA = YES;
				CLANG_WARN_CONSTANT_CONVERSION = YES;
				CLANG_WARN_DEPRECATED_OBJC_IMPLEMENTATIONS = YES;
				CLANG_WARN_DIRECT_OBJC_ISA_USAGE = YES_ERROR;
				CLANG_WARN_DOCUMENTATION_COMMENTS = YES;
				CLANG_WARN_EMPTY_BODY = YES;
				CLANG_WARN_ENUM_CONVERSION = YES;
				CLANG_WARN_INFINITE_RECURSION = YES;
				CLANG_WARN_INT_CONVERSION = YES;
				CLANG_WARN_NON_LITERAL_NULL_CONVERSION = YES;
				CLANG_WARN_OBJC_IMPLICIT_RETAIN_SELF = YES;
				CLANG_WARN_OBJC_LITERAL_CONVERSION = YES;
				CLANG_WARN_OBJC_ROOT_CLASS = YES_ERROR;
				CLANG_WARN_QUOTED_INCLUDE_IN_FRAMEWORK_HEADER = YES;
				CLANG_WARN_RANGE_LOOP_ANALYSIS = YES;
				CLANG_WARN_STRICT_PROTOTYPES = YES;
				CLANG_WARN_SUSPICIOUS_MOVE = YES;
				CLANG_WARN_UNGUARDED_AVAILABILITY = YES_AGGRESSIVE;
				CLANG_WARN_UNREACHABLE_CODE = YES;
				CLANG_WARN__DUPLICATE_METHOD_MATCH = YES;
				COPY_PHASE_STRIP = NO;
				DEBUG_INFORMATION_FORMAT = "dwarf-with-dsym";
				ENABLE_NS_ASSERTIONS = NO;
				ENABLE_STRICT_OBJC_MSGSEND = YES;
				GCC_C_LANGUAGE_STANDARD = gnu11;
				GCC_NO_COMMON_BLOCKS = YES;
				GCC_WARN_64_TO_32_BIT_CONVERSION = YES;
				GCC_WARN_ABOUT_RETURN_TYPE = YES_ERROR;
				GCC_WARN_UNDECLARED_SELECTOR = YES;
				GCC_WARN_UNINITIALIZED_AUTOS = YES_AGGRESSIVE;
				GCC_WARN_UNUSED_FUNCTION = YES;
				GCC_WARN_UNUSED_VARIABLE = YES;
				IPHONEOS_DEPLOYMENT_TARGET = 14.3;
				MTL_ENABLE_DEBUG_INFO = NO;
				MTL_FAST_MATH = YES;
				SDKROOT = iphoneos;
				SWIFT_COMPILATION_MODE = wholemodule;
				SWIFT_OPTIMIZATION_LEVEL = "-O";
				VALIDATE_PRODUCT = YES;
			};
			name = Release;
		};
		52B3D1512613822800A66909 /* Debug */ = {
			isa = XCBuildConfiguration;
			buildSettings = {
				ASSETCATALOG_COMPILER_APPICON_NAME = AppIcon;
				ASSETCATALOG_COMPILER_GLOBAL_ACCENT_COLOR_NAME = AccentColor;
				CODE_SIGN_STYLE = Automatic;
				DEVELOPMENT_TEAM = 6NN39GMNRV;
				INFOPLIST_FILE = "HoverBoard Animated/Info.plist";
				LD_RUNPATH_SEARCH_PATHS = (
					"$(inherited)",
					"@executable_path/Frameworks",
				);
				PRODUCT_BUNDLE_IDENTIFIER = "com.rachit-prajapati.HoverBoard-Animated";
				PRODUCT_NAME = "$(TARGET_NAME)";
				SWIFT_VERSION = 5.0;
				TARGETED_DEVICE_FAMILY = "1,2";
			};
			name = Debug;
		};
		52B3D1522613822800A66909 /* Release */ = {
			isa = XCBuildConfiguration;
			buildSettings = {
				ASSETCATALOG_COMPILER_APPICON_NAME = AppIcon;
				ASSETCATALOG_COMPILER_GLOBAL_ACCENT_COLOR_NAME = AccentColor;
				CODE_SIGN_STYLE = Automatic;
				DEVELOPMENT_TEAM = 6NN39GMNRV;
				INFOPLIST_FILE = "HoverBoard Animated/Info.plist";
				LD_RUNPATH_SEARCH_PATHS = (
					"$(inherited)",
					"@executable_path/Frameworks",
				);
				PRODUCT_BUNDLE_IDENTIFIER = "com.rachit-prajapati.HoverBoard-Animated";
				PRODUCT_NAME = "$(TARGET_NAME)";
				SWIFT_VERSION = 5.0;
				TARGETED_DEVICE_FAMILY = "1,2";
			};
			name = Release;
		};
/* End XCBuildConfiguration section */

/* Begin XCConfigurationList section */
		52B3D1372613822200A66909 /* Build configuration list for PBXProject "HoverBoard Animated" */ = {
			isa = XCConfigurationList;
			buildConfigurations = (
				52B3D14E2613822800A66909 /* Debug */,
				52B3D14F2613822800A66909 /* Release */,
			);
			defaultConfigurationIsVisible = 0;
			defaultConfigurationName = Release;
		};
		52B3D1502613822800A66909 /* Build configuration list for PBXNativeTarget "HoverBoard Animated" */ = {
			isa = XCConfigurationList;
			buildConfigurations = (
				52B3D1512613822800A66909 /* Debug */,
				52B3D1522613822800A66909 /* Release */,
			);
			defaultConfigurationIsVisible = 0;
			defaultConfigurationName = Release;
		};
/* End XCConfigurationList section */
	};
	rootObject = 52B3D1342613822200A66909 /* Project object */;
}
